dependencies:
- name: vector-agent
  repository: https://packages.timber.io/helm/latest
  version: 0.15.1
- name: vector-aggregator
  repository: https://packages.timber.io/helm/nightly
  version: 0.16.0-nightly-2021-08-09
digest: sha256:e0cdb7c3989646a7ed1b8d2d9215c2e1721bc8bcdca595a7c253b1d6220559e9
generated: "2021-08-09T11:51:52.210099-04:00"
