dependencies:
- name: vector-agent
  repository: https://packages.timber.io/helm/latest
  version: 0.15.1
- name: vector-aggregator
  repository: file://../vector-aggregator
  version: 0.15.1-beta
digest: sha256:8d307ab889f7c9914441cc8bcd3eff27d7a95e54920203b246a2ebf8ecf271b2
generated: "2021-07-30T18:57:06.222577-04:00"
